// !$*UTF8*$!
{
	archiveVersion = 1;
	classes = {
	};
	objectVersion = 56;
	objects = {

/* Begin PBXBuildFile section */
		4B0A7E9F2AC44B6E00D9E686 /* RealityKitContent in Frameworks */ = {isa = PBXBuildFile; productRef = 4B0A7E9E2AC44B6E00D9E686 /* RealityKitContent */; };
		4B0A7EA12AC44B6E00D9E686 /* Practice03_CelestialObjectsApp.swift in Sources */ = {isa = PBXBuildFile; fileRef = 4B0A7EA02AC44B6E00D9E686 /* Practice03_CelestialObjectsApp.swift */; };
		4B0A7EA72AC44B7100D9E686 /* Assets.xcassets in Resources */ = {isa = PBXBuildFile; fileRef = 4B0A7EA62AC44B7100D9E686 /* Assets.xcassets */; };
		4B0A7EAA2AC44B7100D9E686 /* Preview Assets.xcassets in Resources */ = {isa = PBXBuildFile; fileRef = 4B0A7EA92AC44B7100D9E686 /* Preview Assets.xcassets */; };
		4B0A7EB32AC44B9D00D9E686 /* Earth.usdz in Resources */ = {isa = PBXBuildFile; fileRef = 4B0A7EB22AC44B9D00D9E686 /* Earth.usdz */; };
		4B0A7EB52AC44BA500D9E686 /* Moon.usdz in Resources */ = {isa = PBXBuildFile; fileRef = 4B0A7EB42AC44BA500D9E686 /* Moon.usdz */; };
		4B0A7EB72AC44BA900D9E686 /* Sun.usdz in Resources */ = {isa = PBXBuildFile; fileRef = 4B0A7EB62AC44BA900D9E686 /* Sun.usdz */; };
		4B0A7EB92AC44BD000D9E686 /* CelestialDisplayView.swift in Sources */ = {isa = PBXBuildFile; fileRef = 4B0A7EB82AC44BD000D9E686 /* CelestialDisplayView.swift */; };
/* End PBXBuildFile section */

/* Begin PBXFileReference section */
		4B0A7E992AC44B6E00D9E686 /* Practice03_CelestialObjects.app */ = {isa = PBXFileReference; explicitFileType = wrapper.application; includeInIndex = 0; path = Practice03_CelestialObjects.app; sourceTree = BUILT_PRODUCTS_DIR; };
		4B0A7E9D2AC44B6E00D9E686 /* RealityKitContent */ = {isa = PBXFileReference; lastKnownFileType = wrapper; path = RealityKitContent; sourceTree = "<group>"; };
		4B0A7EA02AC44B6E00D9E686 /* Practice03_CelestialObjectsApp.swift */ = {isa = PBXFileReference; lastKnownFileType = sourcecode.swift; path = Practice03_CelestialObjectsApp.swift; sourceTree = "<group>"; };
		4B0A7EA62AC44B7100D9E686 /* Assets.xcassets */ = {isa = PBXFileReference; lastKnownFileType = folder.assetcatalog; path = Assets.xcassets; sourceTree = "<group>"; };
		4B0A7EA92AC44B7100D9E686 /* Preview Assets.xcassets */ = {isa = PBXFileReference; lastKnownFileType = folder.assetcatalog; path = "Preview Assets.xcassets"; sourceTree = "<group>"; };
		4B0A7EAB2AC44B7100D9E686 /* Info.plist */ = {isa = PBXFileReference; lastKnownFileType = text.plist.xml; path = Info.plist; sourceTree = "<group>"; };
		4B0A7EB22AC44B9D00D9E686 /* Earth.usdz */ = {isa = PBXFileReference; lastKnownFileType = file.usdz; path = Earth.usdz; sourceTree = "<group>"; };
		4B0A7EB42AC44BA500D9E686 /* Moon.usdz */ = {isa = PBXFileReference; lastKnownFileType = file.usdz; path = Moon.usdz; sourceTree = "<group>"; };
		4B0A7EB62AC44BA900D9E686 /* Sun.usdz */ = {isa = PBXFileReference; lastKnownFileType = file.usdz; path = Sun.usdz; sourceTree = "<group>"; };
		4B0A7EB82AC44BD000D9E686 /* CelestialDisplayView.swift */ = {isa = PBXFileReference; lastKnownFileType = sourcecode.swift; path = CelestialDisplayView.swift; sourceTree = "<group>"; };
/* End PBXFileReference section */

/* Begin PBXFrameworksBuildPhase section */
		4B0A7E962AC44B6E00D9E686 /* Frameworks */ = {
			isa = PBXFrameworksBuildPhase;
			buildActionMask = 2147483647;
			files = (
				4B0A7E9F2AC44B6E00D9E686 /* RealityKitContent in Frameworks */,
			);
			runOnlyForDeploymentPostprocessing = 0;
		};
/* End PBXFrameworksBuildPhase section */

/* Begin PBXGroup section */
		4B0A7E902AC44B6E00D9E686 = {
			isa = PBXGroup;
			children = (
				4B0A7E9B2AC44B6E00D9E686 /* Practice03_CelestialObjects */,
				4B0A7E9C2AC44B6E00D9E686 /* Packages */,
				4B0A7E9A2AC44B6E00D9E686 /* Products */,
			);
			sourceTree = "<group>";
		};
		4B0A7E9A2AC44B6E00D9E686 /* Products */ = {
			isa = PBXGroup;
			children = (
				4B0A7E992AC44B6E00D9E686 /* Practice03_CelestialObjects.app */,
			);
			name = Products;
			sourceTree = "<group>";
		};
		4B0A7E9B2AC44B6E00D9E686 /* Practice03_CelestialObjects */ = {
			isa = PBXGroup;
			children = (
				4B0A7EA02AC44B6E00D9E686 /* Practice03_CelestialObjectsApp.swift */,
				4B0A7EB82AC44BD000D9E686 /* CelestialDisplayView.swift */,
				4B0A7EB12AC44B8700D9E686 /* 3D Models */,
				4B0A7EA62AC44B7100D9E686 /* Assets.xcassets */,
				4B0A7EAB2AC44B7100D9E686 /* Info.plist */,
				4B0A7EA82AC44B7100D9E686 /* Preview Content */,
			);
			path = Practice03_CelestialObjects;
			sourceTree = "<group>";
		};
		4B0A7E9C2AC44B6E00D9E686 /* Packages */ = {
			isa = PBXGroup;
			children = (
				4B0A7E9D2AC44B6E00D9E686 /* RealityKitContent */,
			);
			path = Packages;
			sourceTree = "<group>";
		};
		4B0A7EA82AC44B7100D9E686 /* Preview Content */ = {
			isa = PBXGroup;
			children = (
				4B0A7EA92AC44B7100D9E686 /* Preview Assets.xcassets */,
			);
			path = "Preview Content";
			sourceTree = "<group>";
		};
		4B0A7EB12AC44B8700D9E686 /* 3D Models */ = {
			isa = PBXGroup;
			children = (
				4B0A7EB22AC44B9D00D9E686 /* Earth.usdz */,
				4B0A7EB42AC44BA500D9E686 /* Moon.usdz */,
				4B0A7EB62AC44BA900D9E686 /* Sun.usdz */,
			);
			path = "3D Models";
			sourceTree = "<group>";
		};
/* End PBXGroup section */

/* Begin PBXNativeTarget section */
		4B0A7E982AC44B6E00D9E686 /* Practice03_CelestialObjects */ = {
			isa = PBXNativeTarget;
			buildConfigurationList = 4B0A7EAE2AC44B7100D9E686 /* Build configuration list for PBXNativeTarget "Practice03_CelestialObjects" */;
			buildPhases = (
				4B0A7E952AC44B6E00D9E686 /* Sources */,
				4B0A7E962AC44B6E00D9E686 /* Frameworks */,
				4B0A7E972AC44B6E00D9E686 /* Resources */,
			);
			buildRules = (
			);
			dependencies = (
			);
			name = Practice03_CelestialObjects;
			packageProductDependencies = (
				4B0A7E9E2AC44B6E00D9E686 /* RealityKitContent */,
			);
			productName = Practice03_CelestialObjects;
			productReference = 4B0A7E992AC44B6E00D9E686 /* Practice03_CelestialObjects.app */;
			productType = "com.apple.product-type.application";
		};
/* End PBXNativeTarget section */

/* Begin PBXProject section */
		4B0A7E912AC44B6E00D9E686 /* Project object */ = {
			isa = PBXProject;
			attributes = {
				BuildIndependentTargetsInParallel = 1;
				LastSwiftUpdateCheck = 1500;
				LastUpgradeCheck = 1500;
				TargetAttributes = {
					4B0A7E982AC44B6E00D9E686 = {
						CreatedOnToolsVersion = 15.0;
					};
				};
			};
			buildConfigurationList = 4B0A7E942AC44B6E00D9E686 /* Build configuration list for PBXProject "Practice03_CelestialObjects" */;
			compatibilityVersion = "Xcode 14.0";
			developmentRegion = en;
			hasScannedForEncodings = 0;
			knownRegions = (
				en,
				Base,
			);
			mainGroup = 4B0A7E902AC44B6E00D9E686;
			productRefGroup = 4B0A7E9A2AC44B6E00D9E686 /* Products */;
			projectDirPath = "";
			projectRoot = "";
			targets = (
				4B0A7E982AC44B6E00D9E686 /* Practice03_CelestialObjects */,
			);
		};
/* End PBXProject section */

/* Begin PBXResourcesBuildPhase section */
		4B0A7E972AC44B6E00D9E686 /* Resources */ = {
			isa = PBXResourcesBuildPhase;
			buildActionMask = 2147483647;
			files = (
				4B0A7EB72AC44BA900D9E686 /* Sun.usdz in Resources */,
				4B0A7EAA2AC44B7100D9E686 /* Preview Assets.xcassets in Resources */,
				4B0A7EB32AC44B9D00D9E686 /* Earth.usdz in Resources */,
				4B0A7EB52AC44BA500D9E686 /* Moon.usdz in Resources */,
				4B0A7EA72AC44B7100D9E686 /* Assets.xcassets in Resources */,
			);
			runOnlyForDeploymentPostprocessing = 0;
		};
/* End PBXResourcesBuildPhase section */

/* Begin PBXSourcesBuildPhase section */
		4B0A7E952AC44B6E00D9E686 /* Sources */ = {
			isa = PBXSourcesBuildPhase;
			buildActionMask = 2147483647;
			files = (
				4B0A7EB92AC44BD000D9E686 /* CelestialDisplayView.swift in Sources */,
				4B0A7EA12AC44B6E00D9E686 /* Practice03_CelestialObjectsApp.swift in Sources */,
			);
			runOnlyForDeploymentPostprocessing = 0;
		};
/* End PBXSourcesBuildPhase section */

/* Begin XCBuildConfiguration section */
		4B0A7EAC2AC44B7100D9E686 /* Debug */ = {
			isa = XCBuildConfiguration;
			buildSettings = {
				ALWAYS_SEARCH_USER_PATHS = NO;
				ASSETCATALOG_COMPILER_GENERATE_SWIFT_ASSET_SYMBOL_EXTENSIONS = YES;
				CLANG_ANALYZER_NONNULL = YES;
				CLANG_ANALYZER_NUMBER_OBJECT_CONVERSION = YES_AGGRESSIVE;
				CLANG_CXX_LANGUAGE_STANDARD = "gnu++20";
				CLANG_ENABLE_MODULES = YES;
				CLANG_ENABLE_OBJC_ARC = YES;
				CLANG_ENABLE_OBJC_WEAK = YES;
				CLANG_WARN_BLOCK_CAPTURE_AUTORELEASING = YES;
				CLANG_WARN_BOOL_CONVERSION = YES;
				CLANG_WARN_COMMA = YES;
				CLANG_WARN_CONSTANT_CONVERSION = YES;
				CLANG_WARN_DEPRECATED_OBJC_IMPLEMENTATIONS = YES;
				CLANG_WARN_DIRECT_OBJC_ISA_USAGE = YES_ERROR;
				CLANG_WARN_DOCUMENTATION_COMMENTS = YES;
				CLANG_WARN_EMPTY_BODY = YES;
				CLANG_WARN_ENUM_CONVERSION = YES;
				CLANG_WARN_INFINITE_RECURSION = YES;
				CLANG_WARN_INT_CONVERSION = YES;
				CLANG_WARN_NON_LITERAL_NULL_CONVERSION = YES;
				CLANG_WARN_OBJC_IMPLICIT_RETAIN_SELF = YES;
				CLANG_WARN_OBJC_LITERAL_CONVERSION = YES;
				CLANG_WARN_OBJC_ROOT_CLASS = YES_ERROR;
				CLANG_WARN_QUOTED_INCLUDE_IN_FRAMEWORK_HEADER = YES;
				CLANG_WARN_RANGE_LOOP_ANALYSIS = YES;
				CLANG_WARN_STRICT_PROTOTYPES = YES;
				CLANG_WARN_SUSPICIOUS_MOVE = YES;
				CLANG_WARN_UNGUARDED_AVAILABILITY = YES_AGGRESSIVE;
				CLANG_WARN_UNREACHABLE_CODE = YES;
				CLANG_WARN__DUPLICATE_METHOD_MATCH = YES;
				COPY_PHASE_STRIP = NO;
				DEBUG_INFORMATION_FORMAT = dwarf;
				ENABLE_STRICT_OBJC_MSGSEND = YES;
				ENABLE_TESTABILITY = YES;
				ENABLE_USER_SCRIPT_SANDBOXING = YES;
				GCC_C_LANGUAGE_STANDARD = gnu17;
				GCC_DYNAMIC_NO_PIC = NO;
				GCC_NO_COMMON_BLOCKS = YES;
				GCC_OPTIMIZATION_LEVEL = 0;
				GCC_PREPROCESSOR_DEFINITIONS = (
					"DEBUG=1",
					"$(inherited)",
				);
				GCC_WARN_64_TO_32_BIT_CONVERSION = YES;
				GCC_WARN_ABOUT_RETURN_TYPE = YES_ERROR;
				GCC_WARN_UNDECLARED_SELECTOR = YES;
				GCC_WARN_UNINITIALIZED_AUTOS = YES_AGGRESSIVE;
				GCC_WARN_UNUSED_FUNCTION = YES;
				GCC_WARN_UNUSED_VARIABLE = YES;
				LOCALIZATION_PREFERS_STRING_CATALOGS = YES;
				MTL_ENABLE_DEBUG_INFO = INCLUDE_SOURCE;
				MTL_FAST_MATH = YES;
				ONLY_ACTIVE_ARCH = YES;
				SDKROOT = xros;
				SWIFT_ACTIVE_COMPILATION_CONDITIONS = "DEBUG $(inherited)";
				SWIFT_OPTIMIZATION_LEVEL = "-Onone";
				XROS_DEPLOYMENT_TARGET = 1.0;
			};
			name = Debug;
		};
		4B0A7EAD2AC44B7100D9E686 /* Release */ = {
			isa = XCBuildConfiguration;
			buildSettings = {
				ALWAYS_SEARCH_USER_PATHS = NO;
				ASSETCATALOG_COMPILER_GENERATE_SWIFT_ASSET_SYMBOL_EXTENSIONS = YES;
				CLANG_ANALYZER_NONNULL = YES;
				CLANG_ANALYZER_NUMBER_OBJECT_CONVERSION = YES_AGGRESSIVE;
				CLANG_CXX_LANGUAGE_STANDARD = "gnu++20";
				CLANG_ENABLE_MODULES = YES;
				CLANG_ENABLE_OBJC_ARC = YES;
				CLANG_ENABLE_OBJC_WEAK = YES;
				CLANG_WARN_BLOCK_CAPTURE_AUTORELEASING = YES;
				CLANG_WARN_BOOL_CONVERSION = YES;
				CLANG_WARN_COMMA = YES;
				CLANG_WARN_CONSTANT_CONVERSION = YES;
				CLANG_WARN_DEPRECATED_OBJC_IMPLEMENTATIONS = YES;
				CLANG_WARN_DIRECT_OBJC_ISA_USAGE = YES_ERROR;
				CLANG_WARN_DOCUMENTATION_COMMENTS = YES;
				CLANG_WARN_EMPTY_BODY = YES;
				CLANG_WARN_ENUM_CONVERSION = YES;
				CLANG_WARN_INFINITE_RECURSION = YES;
				CLANG_WARN_INT_CONVERSION = YES;
				CLANG_WARN_NON_LITERAL_NULL_CONVERSION = YES;
				CLANG_WARN_OBJC_IMPLICIT_RETAIN_SELF = YES;
				CLANG_WARN_OBJC_LITERAL_CONVERSION = YES;
				CLANG_WARN_OBJC_ROOT_CLASS = YES_ERROR;
				CLANG_WARN_QUOTED_INCLUDE_IN_FRAMEWORK_HEADER = YES;
				CLANG_WARN_RANGE_LOOP_ANALYSIS = YES;
				CLANG_WARN_STRICT_PROTOTYPES = YES;
				CLANG_WARN_SUSPICIOUS_MOVE = YES;
				CLANG_WARN_UNGUARDED_AVAILABILITY = YES_AGGRESSIVE;
				CLANG_WARN_UNREACHABLE_CODE = YES;
				CLANG_WARN__DUPLICATE_METHOD_MATCH = YES;
				COPY_PHASE_STRIP = NO;
				DEBUG_INFORMATION_FORMAT = "dwarf-with-dsym";
				ENABLE_NS_ASSERTIONS = NO;
				ENABLE_STRICT_OBJC_MSGSEND = YES;
				ENABLE_USER_SCRIPT_SANDBOXING = YES;
				GCC_C_LANGUAGE_STANDARD = gnu17;
				GCC_NO_COMMON_BLOCKS = YES;
				GCC_WARN_64_TO_32_BIT_CONVERSION = YES;
				GCC_WARN_ABOUT_RETURN_TYPE = YES_ERROR;
				GCC_WARN_UNDECLARED_SELECTOR = YES;
				GCC_WARN_UNINITIALIZED_AUTOS = YES_AGGRESSIVE;
				GCC_WARN_UNUSED_FUNCTION = YES;
				GCC_WARN_UNUSED_VARIABLE = YES;
				LOCALIZATION_PREFERS_STRING_CATALOGS = YES;
				MTL_ENABLE_DEBUG_INFO = NO;
				MTL_FAST_MATH = YES;
				SDKROOT = xros;
				SWIFT_COMPILATION_MODE = wholemodule;
				VALIDATE_PRODUCT = YES;
				XROS_DEPLOYMENT_TARGET = 1.0;
			};
			name = Release;
		};
		4B0A7EAF2AC44B7100D9E686 /* Debug */ = {
			isa = XCBuildConfiguration;
			buildSettings = {
				ASSETCATALOG_COMPILER_APPICON_NAME = AppIcon;
				ASSETCATALOG_COMPILER_GLOBAL_ACCENT_COLOR_NAME = AccentColor;
				CODE_SIGN_STYLE = Automatic;
				CURRENT_PROJECT_VERSION = 1;
				DEVELOPMENT_ASSET_PATHS = "\"Practice03_CelestialObjects/Preview Content\"";
				DEVELOPMENT_TEAM = P9TVSH3F53;
				ENABLE_PREVIEWS = YES;
				GENERATE_INFOPLIST_FILE = YES;
				INFOPLIST_FILE = Practice03_CelestialObjects/Info.plist;
				INFOPLIST_KEY_UIApplicationSceneManifest_Generation = YES;
				LD_RUNPATH_SEARCH_PATHS = (
					"$(inherited)",
					"@executable_path/Frameworks",
				);
				MARKETING_VERSION = 1.0;
				PRODUCT_BUNDLE_IDENTIFIER = "com.yuchen.Practice03-CelestialObjects";
				PRODUCT_NAME = "$(TARGET_NAME)";
				SUPPORTED_PLATFORMS = "xros xrsimulator";
				SWIFT_EMIT_LOC_STRINGS = YES;
				SWIFT_VERSION = 5.0;
				TARGETED_DEVICE_FAMILY = "1,2,7";
			};
			name = Debug;
		};
		4B0A7EB02AC44B7100D9E686 /* Release */ = {
			isa = XCBuildConfiguration;
			buildSettings = {
				ASSETCATALOG_COMPILER_APPICON_NAME = AppIcon;
				ASSETCATALOG_COMPILER_GLOBAL_ACCENT_COLOR_NAME = AccentColor;
				CODE_SIGN_STYLE = Automatic;
				CURRENT_PROJECT_VERSION = 1;
				DEVELOPMENT_ASSET_PATHS = "\"Practice03_CelestialObjects/Preview Content\"";
				DEVELOPMENT_TEAM = P9TVSH3F53;
				ENABLE_PREVIEWS = YES;
				GENERATE_INFOPLIST_FILE = YES;
				INFOPLIST_FILE = Practice03_CelestialObjects/Info.plist;
				INFOPLIST_KEY_UIApplicationSceneManifest_Generation = YES;
				LD_RUNPATH_SEARCH_PATHS = (
					"$(inherited)",
					"@executable_path/Frameworks",
				);
				MARKETING_VERSION = 1.0;
				PRODUCT_BUNDLE_IDENTIFIER = "com.yuchen.Practice03-CelestialObjects";
				PRODUCT_NAME = "$(TARGET_NAME)";
				SUPPORTED_PLATFORMS = "xros xrsimulator";
				SWIFT_EMIT_LOC_STRINGS = YES;
				SWIFT_VERSION = 5.0;
				TARGETED_DEVICE_FAMILY = "1,2,7";
			};
			name = Release;
		};
/* End XCBuildConfiguration section */

/* Begin XCConfigurationList section */
		4B0A7E942AC44B6E00D9E686 /* Build configuration list for PBXProject "Practice03_CelestialObjects" */ = {
			isa = XCConfigurationList;
			buildConfigurations = (
				4B0A7EAC2AC44B7100D9E686 /* Debug */,
				4B0A7EAD2AC44B7100D9E686 /* Release */,
			);
			defaultConfigurationIsVisible = 0;
			defaultConfigurationName = Release;
		};
		4B0A7EAE2AC44B7100D9E686 /* Build configuration list for PBXNativeTarget "Practice03_CelestialObjects" */ = {
			isa = XCConfigurationList;
			buildConfigurations = (
				4B0A7EAF2AC44B7100D9E686 /* Debug */,
				4B0A7EB02AC44B7100D9E686 /* Release */,
			);
			defaultConfigurationIsVisible = 0;
			defaultConfigurationName = Release;
		};
/* End XCConfigurationList section */

/* Begin XCSwiftPackageProductDependency section */
		4B0A7E9E2AC44B6E00D9E686 /* RealityKitContent */ = {
			isa = XCSwiftPackageProductDependency;
			productName = RealityKitContent;
		};
/* End XCSwiftPackageProductDependency section */
	};
	rootObject = 4B0A7E912AC44B6E00D9E686 /* Project object */;
}
